
Microsoft Visual Studio Solution File, Format Version 12.00
# Visual Studio Version 17
VisualStudioVersion = 17.9.34607.119
MinimumVisualStudioVersion = 10.0.40219.1
Project("{9A19103F-16F7-4668-BE54-9A1E7A4F7556}") = "JsonDLL", "JsonDLL.csproj", "{96253BE8-9B2F-4043-B6DB-0A2352E07556}"
EndProject
Global
	GlobalSection(SolutionConfigurationPlatforms) = preSolution
		Debug|Any CPU = Debug|Any CPU
		Release|Any CPU = Release|Any CPU
	EndGlobalSection
	GlobalSection(ProjectConfigurationPlatforms) = postSolution
		{96253BE8-9B2F-4043-B6DB-0A2352E07556}.Debug|Any CPU.ActiveCfg = Debug|Any CPU
		{96253BE8-9B2F-4043-B6DB-0A2352E07556}.Debug|Any CPU.Build.0 = Debug|Any CPU
		{96253BE8-9B2F-4043-B6DB-0A2352E07556}.Release|Any CPU.ActiveCfg = Release|Any CPU
		{96253BE8-9B2F-4043-B6DB-0A2352E07556}.Release|Any CPU.Build.0 = Release|Any CPU
	EndGlobalSection
	GlobalSection(SolutionProperties) = preSolution
		HideSolutionNode = FALSE
	EndGlobalSection
	GlobalSection(ExtensibilityGlobals) = postSolution
		SolutionGuid = {C76EADB3-2692-44C2-9DEF-D9451272AAD5}
	EndGlobalSection
EndGlobal
